// !$*UTF8*$!
{
	archiveVersion = 1;
	classes = {
	};
	objectVersion = 46;
	objects = {

/* Begin PBXBuildFile section */
		2F3EA6A380B455014153872B /* Pods_VGStatsPlus.framework in Frameworks */ = {isa = PBXBuildFile; fileRef = F768D22E7A12E74B8FBD6AEE /* Pods_VGStatsPlus.framework */; };
		302FA9D61F798EE70042DAD5 /* AppDelegate.swift in Sources */ = {isa = PBXBuildFile; fileRef = 302FA9D51F798EE70042DAD5 /* AppDelegate.swift */; };
		302FA9DB1F798EE70042DAD5 /* Main.storyboard in Resources */ = {isa = PBXBuildFile; fileRef = 302FA9D91F798EE70042DAD5 /* Main.storyboard */; };
		302FA9DD1F798EE70042DAD5 /* Assets.xcassets in Resources */ = {isa = PBXBuildFile; fileRef = 302FA9DC1F798EE70042DAD5 /* Assets.xcassets */; };
		302FA9E01F798EE70042DAD5 /* LaunchScreen.storyboard in Resources */ = {isa = PBXBuildFile; fileRef = 302FA9DE1F798EE70042DAD5 /* LaunchScreen.storyboard */; };
		302FA9EB1F798EE70042DAD5 /* VGStatsPlusTests.swift in Sources */ = {isa = PBXBuildFile; fileRef = 302FA9EA1F798EE70042DAD5 /* VGStatsPlusTests.swift */; };
		302FA9F61F798EE70042DAD5 /* VGStatsPlusUITests.swift in Sources */ = {isa = PBXBuildFile; fileRef = 302FA9F51F798EE70042DAD5 /* VGStatsPlusUITests.swift */; };
		30D471701F86990700CC0E8C /* Match.swift in Sources */ = {isa = PBXBuildFile; fileRef = 30D4716F1F86990700CC0E8C /* Match.swift */; };
		30D471721F869A6C00CC0E8C /* Assets.swift in Sources */ = {isa = PBXBuildFile; fileRef = 30D471711F869A6C00CC0E8C /* Assets.swift */; };
		30D471741F869C2200CC0E8C /* Participant.swift in Sources */ = {isa = PBXBuildFile; fileRef = 30D471731F869C2200CC0E8C /* Participant.swift */; };
		30D471761F869FAB00CC0E8C /* Roster.swift in Sources */ = {isa = PBXBuildFile; fileRef = 30D471751F869FAB00CC0E8C /* Roster.swift */; };
		30D471781F87B87300CC0E8C /* MatchHistoryViewController.swift in Sources */ = {isa = PBXBuildFile; fileRef = 30D471771F87B87300CC0E8C /* MatchHistoryViewController.swift */; };
		30D8CA7D1F842509002C923F /* Player.swift in Sources */ = {isa = PBXBuildFile; fileRef = 30D8CA7C1F842509002C923F /* Player.swift */; };
		30D8CA7F1F842534002C923F /* VGDataSource.swift in Sources */ = {isa = PBXBuildFile; fileRef = 30D8CA7E1F842534002C923F /* VGDataSource.swift */; };
		30D8CA811F8425AA002C923F /* LoginViewController.swift in Sources */ = {isa = PBXBuildFile; fileRef = 30D8CA801F8425AA002C923F /* LoginViewController.swift */; };
		30D8CA851F842622002C923F /* PlayerProfileViewController.swift in Sources */ = {isa = PBXBuildFile; fileRef = 30D8CA841F842622002C923F /* PlayerProfileViewController.swift */; };
		30D8CA891F84266B002C923F /* MatchDetailsViewController.swift in Sources */ = {isa = PBXBuildFile; fileRef = 30D8CA881F84266B002C923F /* MatchDetailsViewController.swift */; };
		30D8CA8B1F842695002C923F /* OptionsMenuViewController.swift in Sources */ = {isa = PBXBuildFile; fileRef = 30D8CA8A1F842695002C923F /* OptionsMenuViewController.swift */; };
		AC1555A01F8C608F00069037 /* FirebaseDatabase.swift in Sources */ = {isa = PBXBuildFile; fileRef = AC15559F1F8C608F00069037 /* FirebaseDatabase.swift */; };
		AC52C54F1F893AA700AF7749 /* MenuViewController.swift in Sources */ = {isa = PBXBuildFile; fileRef = AC52C54E1F893AA700AF7749 /* MenuViewController.swift */; };
		AC52C5511F893F1200AF7749 /* SavedData.swift in Sources */ = {isa = PBXBuildFile; fileRef = AC52C5501F893F1200AF7749 /* SavedData.swift */; };
		AC52C5531F89456100AF7749 /* SWRevealViewController.m in Sources */ = {isa = PBXBuildFile; fileRef = AC52C54C1F89376400AF7749 /* SWRevealViewController.m */; };
		AC52C5551F8B215300AF7749 /* MatchesCell.swift in Sources */ = {isa = PBXBuildFile; fileRef = AC52C5541F8B215300AF7749 /* MatchesCell.swift */; };
		AC52C5571F8B311200AF7749 /* MatchHistoryCell.swift in Sources */ = {isa = PBXBuildFile; fileRef = AC52C5561F8B311200AF7749 /* MatchHistoryCell.swift */; };
		AC52C5591F8BD15900AF7749 /* ChannelVC.swift in Sources */ = {isa = PBXBuildFile; fileRef = AC52C5581F8BD15900AF7749 /* ChannelVC.swift */; };
		AC52C55B1F8BE40700AF7749 /* ChannelCell.swift in Sources */ = {isa = PBXBuildFile; fileRef = AC52C55A1F8BE40700AF7749 /* ChannelCell.swift */; };
		AC52C55D1F8BE53C00AF7749 /* ChannelMessageCell.swift in Sources */ = {isa = PBXBuildFile; fileRef = AC52C55C1F8BE53C00AF7749 /* ChannelMessageCell.swift */; };
		AC52C55F1F8C007D00AF7749 /* BindToKeyboard.swift in Sources */ = {isa = PBXBuildFile; fileRef = AC52C55E1F8C007D00AF7749 /* BindToKeyboard.swift */; };
		AC52C5611F8C056500AF7749 /* UIViewShadow.swift in Sources */ = {isa = PBXBuildFile; fileRef = AC52C5601F8C056500AF7749 /* UIViewShadow.swift */; };
		AC52C5631F8C44AD00AF7749 /* LoginToFirebaseVC.swift in Sources */ = {isa = PBXBuildFile; fileRef = AC52C5621F8C44AD00AF7749 /* LoginToFirebaseVC.swift */; };
		AC7995661F86C60B000D399C /* PlayerCell.swift in Sources */ = {isa = PBXBuildFile; fileRef = AC7995651F86C60B000D399C /* PlayerCell.swift */; };
		AC7995691F86CB59000D399C /* UIImageViewExtension.swift in Sources */ = {isa = PBXBuildFile; fileRef = AC7995681F86CB59000D399C /* UIImageViewExtension.swift */; };
		AC79956B1F86DB45000D399C /* GradientView.swift in Sources */ = {isa = PBXBuildFile; fileRef = AC79956A1F86DB45000D399C /* GradientView.swift */; };
/* End PBXBuildFile section */

/* Begin PBXContainerItemProxy section */
		302FA9E71F798EE70042DAD5 /* PBXContainerItemProxy */ = {
			isa = PBXContainerItemProxy;
			containerPortal = 302FA9CA1F798EE60042DAD5 /* Project object */;
			proxyType = 1;
			remoteGlobalIDString = 302FA9D11F798EE60042DAD5;
			remoteInfo = VGStatsPlus;
		};
		302FA9F21F798EE70042DAD5 /* PBXContainerItemProxy */ = {
			isa = PBXContainerItemProxy;
			containerPortal = 302FA9CA1F798EE60042DAD5 /* Project object */;
			proxyType = 1;
			remoteGlobalIDString = 302FA9D11F798EE60042DAD5;
			remoteInfo = VGStatsPlus;
		};
/* End PBXContainerItemProxy section */

/* Begin PBXFileReference section */
		027C7D067038BD4805A90359 /* Pods-VGStatsPlus.debug.xcconfig */ = {isa = PBXFileReference; includeInIndex = 1; lastKnownFileType = text.xcconfig; name = "Pods-VGStatsPlus.debug.xcconfig"; path = "Pods/Target Support Files/Pods-VGStatsPlus/Pods-VGStatsPlus.debug.xcconfig"; sourceTree = "<group>"; };
		302FA9D21F798EE70042DAD5 /* VGStatsPlus.app */ = {isa = PBXFileReference; explicitFileType = wrapper.application; includeInIndex = 0; path = VGStatsPlus.app; sourceTree = BUILT_PRODUCTS_DIR; };
		302FA9D51F798EE70042DAD5 /* AppDelegate.swift */ = {isa = PBXFileReference; lastKnownFileType = sourcecode.swift; path = AppDelegate.swift; sourceTree = "<group>"; };
		302FA9DA1F798EE70042DAD5 /* Base */ = {isa = PBXFileReference; lastKnownFileType = file.storyboard; name = Base; path = Base.lproj/Main.storyboard; sourceTree = "<group>"; };
		302FA9DC1F798EE70042DAD5 /* Assets.xcassets */ = {isa = PBXFileReference; lastKnownFileType = folder.assetcatalog; path = Assets.xcassets; sourceTree = "<group>"; };
		302FA9DF1F798EE70042DAD5 /* Base */ = {isa = PBXFileReference; lastKnownFileType = file.storyboard; name = Base; path = Base.lproj/LaunchScreen.storyboard; sourceTree = "<group>"; };
		302FA9E11F798EE70042DAD5 /* Info.plist */ = {isa = PBXFileReference; lastKnownFileType = text.plist.xml; path = Info.plist; sourceTree = "<group>"; };
		302FA9E61F798EE70042DAD5 /* VGStatsPlusTests.xctest */ = {isa = PBXFileReference; explicitFileType = wrapper.cfbundle; includeInIndex = 0; path = VGStatsPlusTests.xctest; sourceTree = BUILT_PRODUCTS_DIR; };
		302FA9EA1F798EE70042DAD5 /* VGStatsPlusTests.swift */ = {isa = PBXFileReference; lastKnownFileType = sourcecode.swift; path = VGStatsPlusTests.swift; sourceTree = "<group>"; };
		302FA9EC1F798EE70042DAD5 /* Info.plist */ = {isa = PBXFileReference; lastKnownFileType = text.plist.xml; path = Info.plist; sourceTree = "<group>"; };
		302FA9F11F798EE70042DAD5 /* VGStatsPlusUITests.xctest */ = {isa = PBXFileReference; explicitFileType = wrapper.cfbundle; includeInIndex = 0; path = VGStatsPlusUITests.xctest; sourceTree = BUILT_PRODUCTS_DIR; };
		302FA9F51F798EE70042DAD5 /* VGStatsPlusUITests.swift */ = {isa = PBXFileReference; lastKnownFileType = sourcecode.swift; path = VGStatsPlusUITests.swift; sourceTree = "<group>"; };
		302FA9F71F798EE70042DAD5 /* Info.plist */ = {isa = PBXFileReference; lastKnownFileType = text.plist.xml; path = Info.plist; sourceTree = "<group>"; };
		30D4716F1F86990700CC0E8C /* Match.swift */ = {isa = PBXFileReference; fileEncoding = 4; lastKnownFileType = sourcecode.swift; path = Match.swift; sourceTree = "<group>"; };
		30D471711F869A6C00CC0E8C /* Assets.swift */ = {isa = PBXFileReference; fileEncoding = 4; lastKnownFileType = sourcecode.swift; path = Assets.swift; sourceTree = "<group>"; };
		30D471731F869C2200CC0E8C /* Participant.swift */ = {isa = PBXFileReference; fileEncoding = 4; lastKnownFileType = sourcecode.swift; path = Participant.swift; sourceTree = "<group>"; };
		30D471751F869FAB00CC0E8C /* Roster.swift */ = {isa = PBXFileReference; fileEncoding = 4; lastKnownFileType = sourcecode.swift; path = Roster.swift; sourceTree = "<group>"; };
		30D471771F87B87300CC0E8C /* MatchHistoryViewController.swift */ = {isa = PBXFileReference; fileEncoding = 4; lastKnownFileType = sourcecode.swift; path = MatchHistoryViewController.swift; sourceTree = "<group>"; };
		30D8CA7C1F842509002C923F /* Player.swift */ = {isa = PBXFileReference; fileEncoding = 4; lastKnownFileType = sourcecode.swift; path = Player.swift; sourceTree = "<group>"; };
		30D8CA7E1F842534002C923F /* VGDataSource.swift */ = {isa = PBXFileReference; fileEncoding = 4; lastKnownFileType = sourcecode.swift; path = VGDataSource.swift; sourceTree = "<group>"; };
		30D8CA801F8425AA002C923F /* LoginViewController.swift */ = {isa = PBXFileReference; fileEncoding = 4; lastKnownFileType = sourcecode.swift; path = LoginViewController.swift; sourceTree = "<group>"; };
		30D8CA841F842622002C923F /* PlayerProfileViewController.swift */ = {isa = PBXFileReference; fileEncoding = 4; lastKnownFileType = sourcecode.swift; path = PlayerProfileViewController.swift; sourceTree = "<group>"; };
		30D8CA881F84266B002C923F /* MatchDetailsViewController.swift */ = {isa = PBXFileReference; fileEncoding = 4; lastKnownFileType = sourcecode.swift; path = MatchDetailsViewController.swift; sourceTree = "<group>"; };
		30D8CA8A1F842695002C923F /* OptionsMenuViewController.swift */ = {isa = PBXFileReference; fileEncoding = 4; lastKnownFileType = sourcecode.swift; path = OptionsMenuViewController.swift; sourceTree = "<group>"; };
		AA6E6548654459025D7FD01F /* Pods_VGStatsPlusTests.framework */ = {isa = PBXFileReference; explicitFileType = wrapper.framework; includeInIndex = 0; path = Pods_VGStatsPlusTests.framework; sourceTree = BUILT_PRODUCTS_DIR; };
		AC15559F1F8C608F00069037 /* FirebaseDatabase.swift */ = {isa = PBXFileReference; lastKnownFileType = sourcecode.swift; path = FirebaseDatabase.swift; sourceTree = "<group>"; };
		AC52C54B1F89376200AF7749 /* VGStatsPlus-Bridging-Header.h */ = {isa = PBXFileReference; lastKnownFileType = sourcecode.c.h; path = "VGStatsPlus-Bridging-Header.h"; sourceTree = "<group>"; };
		AC52C54C1F89376400AF7749 /* SWRevealViewController.m */ = {isa = PBXFileReference; lastKnownFileType = sourcecode.c.objc; path = SWRevealViewController.m; sourceTree = "<group>"; };
		AC52C54D1F89376500AF7749 /* SWRevealViewController.h */ = {isa = PBXFileReference; lastKnownFileType = sourcecode.c.h; path = SWRevealViewController.h; sourceTree = "<group>"; };
		AC52C54E1F893AA700AF7749 /* MenuViewController.swift */ = {isa = PBXFileReference; lastKnownFileType = sourcecode.swift; path = MenuViewController.swift; sourceTree = "<group>"; };
		AC52C5501F893F1200AF7749 /* SavedData.swift */ = {isa = PBXFileReference; lastKnownFileType = sourcecode.swift; path = SavedData.swift; sourceTree = "<group>"; };
		AC52C5541F8B215300AF7749 /* MatchesCell.swift */ = {isa = PBXFileReference; lastKnownFileType = sourcecode.swift; path = MatchesCell.swift; sourceTree = "<group>"; };
		AC52C5561F8B311200AF7749 /* MatchHistoryCell.swift */ = {isa = PBXFileReference; lastKnownFileType = sourcecode.swift; path = MatchHistoryCell.swift; sourceTree = "<group>"; };
		AC52C5581F8BD15900AF7749 /* ChannelVC.swift */ = {isa = PBXFileReference; lastKnownFileType = sourcecode.swift; path = ChannelVC.swift; sourceTree = "<group>"; };
		AC52C55A1F8BE40700AF7749 /* ChannelCell.swift */ = {isa = PBXFileReference; lastKnownFileType = sourcecode.swift; path = ChannelCell.swift; sourceTree = "<group>"; };
		AC52C55C1F8BE53C00AF7749 /* ChannelMessageCell.swift */ = {isa = PBXFileReference; lastKnownFileType = sourcecode.swift; path = ChannelMessageCell.swift; sourceTree = "<group>"; };
		AC52C55E1F8C007D00AF7749 /* BindToKeyboard.swift */ = {isa = PBXFileReference; lastKnownFileType = sourcecode.swift; path = BindToKeyboard.swift; sourceTree = "<group>"; };
		AC52C5601F8C056500AF7749 /* UIViewShadow.swift */ = {isa = PBXFileReference; lastKnownFileType = sourcecode.swift; path = UIViewShadow.swift; sourceTree = "<group>"; };
		AC52C5621F8C44AD00AF7749 /* LoginToFirebaseVC.swift */ = {isa = PBXFileReference; lastKnownFileType = sourcecode.swift; path = LoginToFirebaseVC.swift; sourceTree = "<group>"; };
		AC7995651F86C60B000D399C /* PlayerCell.swift */ = {isa = PBXFileReference; lastKnownFileType = sourcecode.swift; path = PlayerCell.swift; sourceTree = "<group>"; };
		AC7995681F86CB59000D399C /* UIImageViewExtension.swift */ = {isa = PBXFileReference; lastKnownFileType = sourcecode.swift; path = UIImageViewExtension.swift; sourceTree = "<group>"; };
		AC79956A1F86DB45000D399C /* GradientView.swift */ = {isa = PBXFileReference; lastKnownFileType = sourcecode.swift; path = GradientView.swift; sourceTree = "<group>"; };
		ACCFBAAB1F8C6A650085E3FE /* GoogleService-Info.plist */ = {isa = PBXFileReference; lastKnownFileType = text.plist.xml; path = "GoogleService-Info.plist"; sourceTree = "<group>"; };
		BCABD4D6EC47A852AAFC5FAC /* Pods-VGStatsPlus.release.xcconfig */ = {isa = PBXFileReference; includeInIndex = 1; lastKnownFileType = text.xcconfig; name = "Pods-VGStatsPlus.release.xcconfig"; path = "Pods/Target Support Files/Pods-VGStatsPlus/Pods-VGStatsPlus.release.xcconfig"; sourceTree = "<group>"; };
		F768D22E7A12E74B8FBD6AEE /* Pods_VGStatsPlus.framework */ = {isa = PBXFileReference; explicitFileType = wrapper.framework; includeInIndex = 0; path = Pods_VGStatsPlus.framework; sourceTree = BUILT_PRODUCTS_DIR; };
/* End PBXFileReference section */

/* Begin PBXFrameworksBuildPhase section */
		302FA9CF1F798EE60042DAD5 /* Frameworks */ = {
			isa = PBXFrameworksBuildPhase;
			buildActionMask = 2147483647;
			files = (
				2F3EA6A380B455014153872B /* Pods_VGStatsPlus.framework in Frameworks */,
			);
			runOnlyForDeploymentPostprocessing = 0;
		};
		302FA9E31F798EE70042DAD5 /* Frameworks */ = {
			isa = PBXFrameworksBuildPhase;
			buildActionMask = 2147483647;
			files = (
			);
			runOnlyForDeploymentPostprocessing = 0;
		};
		302FA9EE1F798EE70042DAD5 /* Frameworks */ = {
			isa = PBXFrameworksBuildPhase;
			buildActionMask = 2147483647;
			files = (
			);
			runOnlyForDeploymentPostprocessing = 0;
		};
/* End PBXFrameworksBuildPhase section */

/* Begin PBXGroup section */
		302FA9C91F798EE60042DAD5 = {
			isa = PBXGroup;
			children = (
				302FA9D41F798EE70042DAD5 /* VGStatsPlus */,
				302FA9E91F798EE70042DAD5 /* VGStatsPlusTests */,
				302FA9F41F798EE70042DAD5 /* VGStatsPlusUITests */,
				302FA9D31F798EE70042DAD5 /* Products */,
				A4B561686AC672A83244C80F /* Pods */,
				7631594778336FFC6F21D27E /* Frameworks */,
			);
			sourceTree = "<group>";
		};
		302FA9D31F798EE70042DAD5 /* Products */ = {
			isa = PBXGroup;
			children = (
				302FA9D21F798EE70042DAD5 /* VGStatsPlus.app */,
				302FA9E61F798EE70042DAD5 /* VGStatsPlusTests.xctest */,
				302FA9F11F798EE70042DAD5 /* VGStatsPlusUITests.xctest */,
			);
			name = Products;
			sourceTree = "<group>";
		};
		302FA9D41F798EE70042DAD5 /* VGStatsPlus */ = {
			isa = PBXGroup;
			children = (
				AC52C54A1F89370A00AF7749 /* SupportingFiles */,
				AC7995671F86CB16000D399C /* Extension */,
				AC17DFBB1F86823200271D13 /* Models */,
				AC17DFBD1F86825600271D13 /* Views */,
				AC17DFBA1F8681E700271D13 /* Controllers */,
				AC17DFBC1F86824100271D13 /* Networking */,
				302FA9D51F798EE70042DAD5 /* AppDelegate.swift */,
				302FA9D91F798EE70042DAD5 /* Main.storyboard */,
				302FA9DC1F798EE70042DAD5 /* Assets.xcassets */,
				302FA9DE1F798EE70042DAD5 /* LaunchScreen.storyboard */,
				302FA9E11F798EE70042DAD5 /* Info.plist */,
				ACCFBAAB1F8C6A650085E3FE /* GoogleService-Info.plist */,
			);
			path = VGStatsPlus;
			sourceTree = "<group>";
		};
		302FA9E91F798EE70042DAD5 /* VGStatsPlusTests */ = {
			isa = PBXGroup;
			children = (
				302FA9EA1F798EE70042DAD5 /* VGStatsPlusTests.swift */,
				302FA9EC1F798EE70042DAD5 /* Info.plist */,
			);
			path = VGStatsPlusTests;
			sourceTree = "<group>";
		};
		302FA9F41F798EE70042DAD5 /* VGStatsPlusUITests */ = {
			isa = PBXGroup;
			children = (
				302FA9F51F798EE70042DAD5 /* VGStatsPlusUITests.swift */,
				302FA9F71F798EE70042DAD5 /* Info.plist */,
			);
			path = VGStatsPlusUITests;
			sourceTree = "<group>";
		};
		7631594778336FFC6F21D27E /* Frameworks */ = {
			isa = PBXGroup;
			children = (
				AA6E6548654459025D7FD01F /* Pods_VGStatsPlusTests.framework */,
				F768D22E7A12E74B8FBD6AEE /* Pods_VGStatsPlus.framework */,
			);
			name = Frameworks;
			sourceTree = "<group>";
		};
		A4B561686AC672A83244C80F /* Pods */ = {
			isa = PBXGroup;
			children = (
				027C7D067038BD4805A90359 /* Pods-VGStatsPlus.debug.xcconfig */,
				BCABD4D6EC47A852AAFC5FAC /* Pods-VGStatsPlus.release.xcconfig */,
			);
			name = Pods;
			sourceTree = "<group>";
		};
		AC17DFBA1F8681E700271D13 /* Controllers */ = {
			isa = PBXGroup;
			children = (
				30D8CA801F8425AA002C923F /* LoginViewController.swift */,
				AC52C5621F8C44AD00AF7749 /* LoginToFirebaseVC.swift */,
				30D8CA841F842622002C923F /* PlayerProfileViewController.swift */,
				30D471771F87B87300CC0E8C /* MatchHistoryViewController.swift */,
				30D8CA881F84266B002C923F /* MatchDetailsViewController.swift */,
				30D8CA8A1F842695002C923F /* OptionsMenuViewController.swift */,
				AC52C54E1F893AA700AF7749 /* MenuViewController.swift */,
				AC52C5581F8BD15900AF7749 /* ChannelVC.swift */,
			);
			path = Controllers;
			sourceTree = "<group>";
		};
		AC17DFBB1F86823200271D13 /* Models */ = {
			isa = PBXGroup;
			children = (
				30D471711F869A6C00CC0E8C /* Assets.swift */,
				30D8CA7C1F842509002C923F /* Player.swift */,
				30D4716F1F86990700CC0E8C /* Match.swift */,
				30D471731F869C2200CC0E8C /* Participant.swift */,
				30D471751F869FAB00CC0E8C /* Roster.swift */,
			);
			path = Models;
			sourceTree = "<group>";
		};
		AC17DFBC1F86824100271D13 /* Networking */ = {
			isa = PBXGroup;
			children = (
				30D8CA7E1F842534002C923F /* VGDataSource.swift */,
				AC15559F1F8C608F00069037 /* FirebaseDatabase.swift */,
			);
			path = Networking;
			sourceTree = "<group>";
		};
		AC17DFBD1F86825600271D13 /* Views */ = {
			isa = PBXGroup;
			children = (
				AC7995651F86C60B000D399C /* PlayerCell.swift */,
				AC52C5541F8B215300AF7749 /* MatchesCell.swift */,
				AC52C5561F8B311200AF7749 /* MatchHistoryCell.swift */,
				AC52C55A1F8BE40700AF7749 /* ChannelCell.swift */,
				AC52C55C1F8BE53C00AF7749 /* ChannelMessageCell.swift */,
			);
			path = Views;
			sourceTree = "<group>";
		};
		AC52C54A1F89370A00AF7749 /* SupportingFiles */ = {
			isa = PBXGroup;
			children = (
				AC52C54D1F89376500AF7749 /* SWRevealViewController.h */,
				AC52C54C1F89376400AF7749 /* SWRevealViewController.m */,
				AC52C54B1F89376200AF7749 /* VGStatsPlus-Bridging-Header.h */,
				AC52C5501F893F1200AF7749 /* SavedData.swift */,
			);
			path = SupportingFiles;
			sourceTree = "<group>";
		};
		AC7995671F86CB16000D399C /* Extension */ = {
			isa = PBXGroup;
			children = (
				AC7995681F86CB59000D399C /* UIImageViewExtension.swift */,
				AC79956A1F86DB45000D399C /* GradientView.swift */,
				AC52C55E1F8C007D00AF7749 /* BindToKeyboard.swift */,
				AC52C5601F8C056500AF7749 /* UIViewShadow.swift */,
			);
			path = Extension;
			sourceTree = "<group>";
		};
/* End PBXGroup section */

/* Begin PBXNativeTarget section */
		302FA9D11F798EE60042DAD5 /* VGStatsPlus */ = {
			isa = PBXNativeTarget;
			buildConfigurationList = 302FA9FA1F798EE70042DAD5 /* Build configuration list for PBXNativeTarget "VGStatsPlus" */;
			buildPhases = (
				0D3BEC232CBA813F6198C7C3 /* [CP] Check Pods Manifest.lock */,
				302FA9CE1F798EE60042DAD5 /* Sources */,
				302FA9CF1F798EE60042DAD5 /* Frameworks */,
				302FA9D01F798EE60042DAD5 /* Resources */,
				811D336AD386C491431B2DD9 /* [CP] Embed Pods Frameworks */,
				69530A492F43FB39CA109943 /* [CP] Copy Pods Resources */,
			);
			buildRules = (
			);
			dependencies = (
			);
			name = VGStatsPlus;
			productName = VGStatsPlus;
			productReference = 302FA9D21F798EE70042DAD5 /* VGStatsPlus.app */;
			productType = "com.apple.product-type.application";
		};
		302FA9E51F798EE70042DAD5 /* VGStatsPlusTests */ = {
			isa = PBXNativeTarget;
			buildConfigurationList = 302FA9FD1F798EE70042DAD5 /* Build configuration list for PBXNativeTarget "VGStatsPlusTests" */;
			buildPhases = (
				302FA9E21F798EE70042DAD5 /* Sources */,
				302FA9E31F798EE70042DAD5 /* Frameworks */,
				302FA9E41F798EE70042DAD5 /* Resources */,
			);
			buildRules = (
			);
			dependencies = (
				302FA9E81F798EE70042DAD5 /* PBXTargetDependency */,
			);
			name = VGStatsPlusTests;
			productName = VGStatsPlusTests;
			productReference = 302FA9E61F798EE70042DAD5 /* VGStatsPlusTests.xctest */;
			productType = "com.apple.product-type.bundle.unit-test";
		};
		302FA9F01F798EE70042DAD5 /* VGStatsPlusUITests */ = {
			isa = PBXNativeTarget;
			buildConfigurationList = 302FAA001F798EE70042DAD5 /* Build configuration list for PBXNativeTarget "VGStatsPlusUITests" */;
			buildPhases = (
				302FA9ED1F798EE70042DAD5 /* Sources */,
				302FA9EE1F798EE70042DAD5 /* Frameworks */,
				302FA9EF1F798EE70042DAD5 /* Resources */,
			);
			buildRules = (
			);
			dependencies = (
				302FA9F31F798EE70042DAD5 /* PBXTargetDependency */,
			);
			name = VGStatsPlusUITests;
			productName = VGStatsPlusUITests;
			productReference = 302FA9F11F798EE70042DAD5 /* VGStatsPlusUITests.xctest */;
			productType = "com.apple.product-type.bundle.ui-testing";
		};
/* End PBXNativeTarget section */

/* Begin PBXProject section */
		302FA9CA1F798EE60042DAD5 /* Project object */ = {
			isa = PBXProject;
			attributes = {
				LastSwiftUpdateCheck = 0830;
				LastUpgradeCheck = 0830;
				ORGANIZATIONNAME = "Tennant Shaw";
				TargetAttributes = {
					302FA9D11F798EE60042DAD5 = {
						CreatedOnToolsVersion = 8.3.3;
						DevelopmentTeam = U3FSDK5XFF;
						LastSwiftMigration = 0900;
						ProvisioningStyle = Automatic;
					};
					302FA9E51F798EE70042DAD5 = {
						CreatedOnToolsVersion = 8.3.3;
						DevelopmentTeam = F8QRZL97KT;
						ProvisioningStyle = Automatic;
						TestTargetID = 302FA9D11F798EE60042DAD5;
					};
					302FA9F01F798EE70042DAD5 = {
						CreatedOnToolsVersion = 8.3.3;
						DevelopmentTeam = F8QRZL97KT;
						ProvisioningStyle = Automatic;
						TestTargetID = 302FA9D11F798EE60042DAD5;
					};
				};
			};
			buildConfigurationList = 302FA9CD1F798EE60042DAD5 /* Build configuration list for PBXProject "VGStatsPlus" */;
			compatibilityVersion = "Xcode 3.2";
			developmentRegion = English;
			hasScannedForEncodings = 0;
			knownRegions = (
				en,
				Base,
			);
			mainGroup = 302FA9C91F798EE60042DAD5;
			productRefGroup = 302FA9D31F798EE70042DAD5 /* Products */;
			projectDirPath = "";
			projectRoot = "";
			targets = (
				302FA9D11F798EE60042DAD5 /* VGStatsPlus */,
				302FA9E51F798EE70042DAD5 /* VGStatsPlusTests */,
				302FA9F01F798EE70042DAD5 /* VGStatsPlusUITests */,
			);
		};
/* End PBXProject section */

/* Begin PBXResourcesBuildPhase section */
		302FA9D01F798EE60042DAD5 /* Resources */ = {
			isa = PBXResourcesBuildPhase;
			buildActionMask = 2147483647;
			files = (
				302FA9E01F798EE70042DAD5 /* LaunchScreen.storyboard in Resources */,
				302FA9DD1F798EE70042DAD5 /* Assets.xcassets in Resources */,
				302FA9DB1F798EE70042DAD5 /* Main.storyboard in Resources */,
			);
			runOnlyForDeploymentPostprocessing = 0;
		};
		302FA9E41F798EE70042DAD5 /* Resources */ = {
			isa = PBXResourcesBuildPhase;
			buildActionMask = 2147483647;
			files = (
			);
			runOnlyForDeploymentPostprocessing = 0;
		};
		302FA9EF1F798EE70042DAD5 /* Resources */ = {
			isa = PBXResourcesBuildPhase;
			buildActionMask = 2147483647;
			files = (
			);
			runOnlyForDeploymentPostprocessing = 0;
		};
/* End PBXResourcesBuildPhase section */

/* Begin PBXShellScriptBuildPhase section */
		0D3BEC232CBA813F6198C7C3 /* [CP] Check Pods Manifest.lock */ = {
			isa = PBXShellScriptBuildPhase;
			buildActionMask = 2147483647;
			files = (
			);
			inputPaths = (
				"${PODS_PODFILE_DIR_PATH}/Podfile.lock",
				"${PODS_ROOT}/Manifest.lock",
			);
			name = "[CP] Check Pods Manifest.lock";
			outputPaths = (
				"$(DERIVED_FILE_DIR)/Pods-VGStatsPlus-checkManifestLockResult.txt",
			);
			runOnlyForDeploymentPostprocessing = 0;
			shellPath = /bin/sh;
			shellScript = "diff \"${PODS_PODFILE_DIR_PATH}/Podfile.lock\" \"${PODS_ROOT}/Manifest.lock\" > /dev/null\nif [ $? != 0 ] ; then\n    # print error to STDERR\n    echo \"error: The sandbox is not in sync with the Podfile.lock. Run 'pod install' or update your CocoaPods installation.\" >&2\n    exit 1\nfi\n# This output is used by Xcode 'outputs' to avoid re-running this script phase.\necho \"SUCCESS\" > \"${SCRIPT_OUTPUT_FILE_0}\"\n";
			showEnvVarsInLog = 0;
		};
		69530A492F43FB39CA109943 /* [CP] Copy Pods Resources */ = {
			isa = PBXShellScriptBuildPhase;
			buildActionMask = 2147483647;
			files = (
			);
			inputPaths = (
			);
			name = "[CP] Copy Pods Resources";
			outputPaths = (
			);
			runOnlyForDeploymentPostprocessing = 0;
			shellPath = /bin/sh;
			shellScript = "\"${SRCROOT}/Pods/Target Support Files/Pods-VGStatsPlus/Pods-VGStatsPlus-resources.sh\"\n";
			showEnvVarsInLog = 0;
		};
		811D336AD386C491431B2DD9 /* [CP] Embed Pods Frameworks */ = {
			isa = PBXShellScriptBuildPhase;
			buildActionMask = 2147483647;
			files = (
			);
			inputPaths = (
				"${SRCROOT}/Pods/Target Support Files/Pods-VGStatsPlus/Pods-VGStatsPlus-frameworks.sh",
				"${BUILT_PRODUCTS_DIR}/Alamofire/Alamofire.framework",
				"${BUILT_PRODUCTS_DIR}/Bolts/Bolts.framework",
				"${BUILT_PRODUCTS_DIR}/FBSDKCoreKit/FBSDKCoreKit.framework",
				"${BUILT_PRODUCTS_DIR}/FBSDKLoginKit/FBSDKLoginKit.framework",
				"${BUILT_PRODUCTS_DIR}/FBSDKShareKit/FBSDKShareKit.framework",
				"${BUILT_PRODUCTS_DIR}/FacebookCore/FacebookCore.framework",
				"${BUILT_PRODUCTS_DIR}/FacebookLogin/FacebookLogin.framework",
				"${BUILT_PRODUCTS_DIR}/GTMSessionFetcher/GTMSessionFetcher.framework",
				"${BUILT_PRODUCTS_DIR}/GoogleToolboxForMac/GoogleToolboxForMac.framework",
				"${BUILT_PRODUCTS_DIR}/ModelMapper/Mapper.framework",
				"${BUILT_PRODUCTS_DIR}/ObjectMapper/ObjectMapper.framework",
				"${BUILT_PRODUCTS_DIR}/Treasure/Treasure.framework",
				"${BUILT_PRODUCTS_DIR}/VaingloryAPI/VaingloryAPI.framework",
				"${BUILT_PRODUCTS_DIR}/Zip/Zip.framework",
				"${BUILT_PRODUCTS_DIR}/leveldb-library/leveldb.framework",
				"${BUILT_PRODUCTS_DIR}/nanopb/nanopb.framework",
			);
			name = "[CP] Embed Pods Frameworks";
			outputPaths = (
				"${TARGET_BUILD_DIR}/${FRAMEWORKS_FOLDER_PATH}/Alamofire.framework",
				"${TARGET_BUILD_DIR}/${FRAMEWORKS_FOLDER_PATH}/Bolts.framework",
				"${TARGET_BUILD_DIR}/${FRAMEWORKS_FOLDER_PATH}/FBSDKCoreKit.framework",
				"${TARGET_BUILD_DIR}/${FRAMEWORKS_FOLDER_PATH}/FBSDKLoginKit.framework",
				"${TARGET_BUILD_DIR}/${FRAMEWORKS_FOLDER_PATH}/FBSDKShareKit.framework",
				"${TARGET_BUILD_DIR}/${FRAMEWORKS_FOLDER_PATH}/FacebookCore.framework",
				"${TARGET_BUILD_DIR}/${FRAMEWORKS_FOLDER_PATH}/FacebookLogin.framework",
				"${TARGET_BUILD_DIR}/${FRAMEWORKS_FOLDER_PATH}/GTMSessionFetcher.framework",
				"${TARGET_BUILD_DIR}/${FRAMEWORKS_FOLDER_PATH}/GoogleToolboxForMac.framework",
				"${TARGET_BUILD_DIR}/${FRAMEWORKS_FOLDER_PATH}/Mapper.framework",
				"${TARGET_BUILD_DIR}/${FRAMEWORKS_FOLDER_PATH}/ObjectMapper.framework",
				"${TARGET_BUILD_DIR}/${FRAMEWORKS_FOLDER_PATH}/Treasure.framework",
				"${TARGET_BUILD_DIR}/${FRAMEWORKS_FOLDER_PATH}/VaingloryAPI.framework",
				"${TARGET_BUILD_DIR}/${FRAMEWORKS_FOLDER_PATH}/Zip.framework",
				"${TARGET_BUILD_DIR}/${FRAMEWORKS_FOLDER_PATH}/leveldb.framework",
				"${TARGET_BUILD_DIR}/${FRAMEWORKS_FOLDER_PATH}/nanopb.framework",
			);
			runOnlyForDeploymentPostprocessing = 0;
			shellPath = /bin/sh;
			shellScript = "\"${SRCROOT}/Pods/Target Support Files/Pods-VGStatsPlus/Pods-VGStatsPlus-frameworks.sh\"\n";
			showEnvVarsInLog = 0;
		};
/* End PBXShellScriptBuildPhase section */

/* Begin PBXSourcesBuildPhase section */
		302FA9CE1F798EE60042DAD5 /* Sources */ = {
			isa = PBXSourcesBuildPhase;
			buildActionMask = 2147483647;
			files = (
				AC52C55F1F8C007D00AF7749 /* BindToKeyboard.swift in Sources */,
				AC52C55D1F8BE53C00AF7749 /* ChannelMessageCell.swift in Sources */,
				AC52C5571F8B311200AF7749 /* MatchHistoryCell.swift in Sources */,
				30D8CA7D1F842509002C923F /* Player.swift in Sources */,
				30D8CA851F842622002C923F /* PlayerProfileViewController.swift in Sources */,
				AC52C55B1F8BE40700AF7749 /* ChannelCell.swift in Sources */,
				AC52C5511F893F1200AF7749 /* SavedData.swift in Sources */,
				AC79956B1F86DB45000D399C /* GradientView.swift in Sources */,
				AC1555A01F8C608F00069037 /* FirebaseDatabase.swift in Sources */,
				30D471761F869FAB00CC0E8C /* Roster.swift in Sources */,
				AC52C5531F89456100AF7749 /* SWRevealViewController.m in Sources */,
				30D471701F86990700CC0E8C /* Match.swift in Sources */,
				AC52C5611F8C056500AF7749 /* UIViewShadow.swift in Sources */,
				AC52C5631F8C44AD00AF7749 /* LoginToFirebaseVC.swift in Sources */,
				30D8CA811F8425AA002C923F /* LoginViewController.swift in Sources */,
				30D8CA8B1F842695002C923F /* OptionsMenuViewController.swift in Sources */,
				AC52C54F1F893AA700AF7749 /* MenuViewController.swift in Sources */,
				30D8CA7F1F842534002C923F /* VGDataSource.swift in Sources */,
				302FA9D61F798EE70042DAD5 /* AppDelegate.swift in Sources */,
				AC52C5591F8BD15900AF7749 /* ChannelVC.swift in Sources */,
				AC7995691F86CB59000D399C /* UIImageViewExtension.swift in Sources */,
				30D471741F869C2200CC0E8C /* Participant.swift in Sources */,
				30D8CA891F84266B002C923F /* MatchDetailsViewController.swift in Sources */,
				30D471781F87B87300CC0E8C /* MatchHistoryViewController.swift in Sources */,
				30D471721F869A6C00CC0E8C /* Assets.swift in Sources */,
				AC7995661F86C60B000D399C /* PlayerCell.swift in Sources */,
				AC52C5551F8B215300AF7749 /* MatchesCell.swift in Sources */,
			);
			runOnlyForDeploymentPostprocessing = 0;
		};
		302FA9E21F798EE70042DAD5 /* Sources */ = {
			isa = PBXSourcesBuildPhase;
			buildActionMask = 2147483647;
			files = (
				302FA9EB1F798EE70042DAD5 /* VGStatsPlusTests.swift in Sources */,
			);
			runOnlyForDeploymentPostprocessing = 0;
		};
		302FA9ED1F798EE70042DAD5 /* Sources */ = {
			isa = PBXSourcesBuildPhase;
			buildActionMask = 2147483647;
			files = (
				302FA9F61F798EE70042DAD5 /* VGStatsPlusUITests.swift in Sources */,
			);
			runOnlyForDeploymentPostprocessing = 0;
		};
/* End PBXSourcesBuildPhase section */

/* Begin PBXTargetDependency section */
		302FA9E81F798EE70042DAD5 /* PBXTargetDependency */ = {
			isa = PBXTargetDependency;
			target = 302FA9D11F798EE60042DAD5 /* VGStatsPlus */;
			targetProxy = 302FA9E71F798EE70042DAD5 /* PBXContainerItemProxy */;
		};
		302FA9F31F798EE70042DAD5 /* PBXTargetDependency */ = {
			isa = PBXTargetDependency;
			target = 302FA9D11F798EE60042DAD5 /* VGStatsPlus */;
			targetProxy = 302FA9F21F798EE70042DAD5 /* PBXContainerItemProxy */;
		};
/* End PBXTargetDependency section */

/* Begin PBXVariantGroup section */
		302FA9D91F798EE70042DAD5 /* Main.storyboard */ = {
			isa = PBXVariantGroup;
			children = (
				302FA9DA1F798EE70042DAD5 /* Base */,
			);
			name = Main.storyboard;
			sourceTree = "<group>";
		};
		302FA9DE1F798EE70042DAD5 /* LaunchScreen.storyboard */ = {
			isa = PBXVariantGroup;
			children = (
				302FA9DF1F798EE70042DAD5 /* Base */,
			);
			name = LaunchScreen.storyboard;
			sourceTree = "<group>";
		};
/* End PBXVariantGroup section */

/* Begin XCBuildConfiguration section */
		302FA9F81F798EE70042DAD5 /* Debug */ = {
			isa = XCBuildConfiguration;
			buildSettings = {
				ALWAYS_SEARCH_USER_PATHS = NO;
				CLANG_ANALYZER_NONNULL = YES;
				CLANG_ANALYZER_NUMBER_OBJECT_CONVERSION = YES_AGGRESSIVE;
				CLANG_CXX_LANGUAGE_STANDARD = "gnu++0x";
				CLANG_CXX_LIBRARY = "libc++";
				CLANG_ENABLE_MODULES = YES;
				CLANG_ENABLE_OBJC_ARC = YES;
				CLANG_WARN_BOOL_CONVERSION = YES;
				CLANG_WARN_CONSTANT_CONVERSION = YES;
				CLANG_WARN_DIRECT_OBJC_ISA_USAGE = YES_ERROR;
				CLANG_WARN_DOCUMENTATION_COMMENTS = YES;
				CLANG_WARN_EMPTY_BODY = YES;
				CLANG_WARN_ENUM_CONVERSION = YES;
				CLANG_WARN_INFINITE_RECURSION = YES;
				CLANG_WARN_INT_CONVERSION = YES;
				CLANG_WARN_OBJC_ROOT_CLASS = YES_ERROR;
				CLANG_WARN_SUSPICIOUS_MOVE = YES;
				CLANG_WARN_UNREACHABLE_CODE = YES;
				CLANG_WARN__DUPLICATE_METHOD_MATCH = YES;
				"CODE_SIGN_IDENTITY[sdk=iphoneos*]" = "iPhone Developer";
				COPY_PHASE_STRIP = NO;
				DEBUG_INFORMATION_FORMAT = dwarf;
				ENABLE_STRICT_OBJC_MSGSEND = YES;
				ENABLE_TESTABILITY = YES;
				GCC_C_LANGUAGE_STANDARD = gnu99;
				GCC_DYNAMIC_NO_PIC = NO;
				GCC_NO_COMMON_BLOCKS = YES;
				GCC_OPTIMIZATION_LEVEL = 0;
				GCC_PREPROCESSOR_DEFINITIONS = (
					"DEBUG=1",
					"$(inherited)",
				);
				GCC_WARN_64_TO_32_BIT_CONVERSION = YES;
				GCC_WARN_ABOUT_RETURN_TYPE = YES_ERROR;
				GCC_WARN_UNDECLARED_SELECTOR = YES;
				GCC_WARN_UNINITIALIZED_AUTOS = YES_AGGRESSIVE;
				GCC_WARN_UNUSED_FUNCTION = YES;
				GCC_WARN_UNUSED_VARIABLE = YES;
				IPHONEOS_DEPLOYMENT_TARGET = 10.3;
				MTL_ENABLE_DEBUG_INFO = YES;
				ONLY_ACTIVE_ARCH = YES;
				SDKROOT = iphoneos;
				SWIFT_ACTIVE_COMPILATION_CONDITIONS = DEBUG;
				SWIFT_OPTIMIZATION_LEVEL = "-Onone";
				TARGETED_DEVICE_FAMILY = "1,2";
			};
			name = Debug;
		};
		302FA9F91F798EE70042DAD5 /* Release */ = {
			isa = XCBuildConfiguration;
			buildSettings = {
				ALWAYS_SEARCH_USER_PATHS = NO;
				CLANG_ANALYZER_NONNULL = YES;
				CLANG_ANALYZER_NUMBER_OBJECT_CONVERSION = YES_AGGRESSIVE;
				CLANG_CXX_LANGUAGE_STANDARD = "gnu++0x";
				CLANG_CXX_LIBRARY = "libc++";
				CLANG_ENABLE_MODULES = YES;
				CLANG_ENABLE_OBJC_ARC = YES;
				CLANG_WARN_BOOL_CONVERSION = YES;
				CLANG_WARN_CONSTANT_CONVERSION = YES;
				CLANG_WARN_DIRECT_OBJC_ISA_USAGE = YES_ERROR;
				CLANG_WARN_DOCUMENTATION_COMMENTS = YES;
				CLANG_WARN_EMPTY_BODY = YES;
				CLANG_WARN_ENUM_CONVERSION = YES;
				CLANG_WARN_INFINITE_RECURSION = YES;
				CLANG_WARN_INT_CONVERSION = YES;
				CLANG_WARN_OBJC_ROOT_CLASS = YES_ERROR;
				CLANG_WARN_SUSPICIOUS_MOVE = YES;
				CLANG_WARN_UNREACHABLE_CODE = YES;
				CLANG_WARN__DUPLICATE_METHOD_MATCH = YES;
				"CODE_SIGN_IDENTITY[sdk=iphoneos*]" = "iPhone Developer";
				COPY_PHASE_STRIP = NO;
				DEBUG_INFORMATION_FORMAT = "dwarf-with-dsym";
				ENABLE_NS_ASSERTIONS = NO;
				ENABLE_STRICT_OBJC_MSGSEND = YES;
				GCC_C_LANGUAGE_STANDARD = gnu99;
				GCC_NO_COMMON_BLOCKS = YES;
				GCC_WARN_64_TO_32_BIT_CONVERSION = YES;
				GCC_WARN_ABOUT_RETURN_TYPE = YES_ERROR;
				GCC_WARN_UNDECLARED_SELECTOR = YES;
				GCC_WARN_UNINITIALIZED_AUTOS = YES_AGGRESSIVE;
				GCC_WARN_UNUSED_FUNCTION = YES;
				GCC_WARN_UNUSED_VARIABLE = YES;
				IPHONEOS_DEPLOYMENT_TARGET = 10.3;
				MTL_ENABLE_DEBUG_INFO = NO;
				SDKROOT = iphoneos;
				SWIFT_OPTIMIZATION_LEVEL = "-Owholemodule";
				TARGETED_DEVICE_FAMILY = "1,2";
				VALIDATE_PRODUCT = YES;
			};
			name = Release;
		};
		302FA9FB1F798EE70042DAD5 /* Debug */ = {
			isa = XCBuildConfiguration;
			baseConfigurationReference = 027C7D067038BD4805A90359 /* Pods-VGStatsPlus.debug.xcconfig */;
			buildSettings = {
				ALWAYS_EMBED_SWIFT_STANDARD_LIBRARIES = NO;
				ASSETCATALOG_COMPILER_APPICON_NAME = AppIcon;
				CLANG_ENABLE_MODULES = YES;
				DEVELOPMENT_TEAM = U3FSDK5XFF;
				INFOPLIST_FILE = VGStatsPlus/Info.plist;
				LD_RUNPATH_SEARCH_PATHS = "$(inherited) @executable_path/Frameworks";
				PRODUCT_BUNDLE_IDENTIFIER = com.Tennant.Shaw.VGStatsPlus;
				PRODUCT_NAME = "$(TARGET_NAME)";
				SWIFT_OBJC_BRIDGING_HEADER = "VGStatsPlus/SupportingFiles/VGStatsPlus-Bridging-Header.h";
				SWIFT_OPTIMIZATION_LEVEL = "-Onone";
				SWIFT_VERSION = 3.0;
			};
			name = Debug;
		};
		302FA9FC1F798EE70042DAD5 /* Release */ = {
			isa = XCBuildConfiguration;
			baseConfigurationReference = BCABD4D6EC47A852AAFC5FAC /* Pods-VGStatsPlus.release.xcconfig */;
			buildSettings = {
				ALWAYS_EMBED_SWIFT_STANDARD_LIBRARIES = NO;
				ASSETCATALOG_COMPILER_APPICON_NAME = AppIcon;
				CLANG_ENABLE_MODULES = YES;
				DEVELOPMENT_TEAM = U3FSDK5XFF;
				INFOPLIST_FILE = VGStatsPlus/Info.plist;
				LD_RUNPATH_SEARCH_PATHS = "$(inherited) @executable_path/Frameworks";
				PRODUCT_BUNDLE_IDENTIFIER = com.Tennant.Shaw.VGStatsPlus;
				PRODUCT_NAME = "$(TARGET_NAME)";
				SWIFT_OBJC_BRIDGING_HEADER = "VGStatsPlus/SupportingFiles/VGStatsPlus-Bridging-Header.h";
				SWIFT_VERSION = 3.0;
			};
			name = Release;
		};
		302FA9FE1F798EE70042DAD5 /* Debug */ = {
			isa = XCBuildConfiguration;
			buildSettings = {
				ALWAYS_EMBED_SWIFT_STANDARD_LIBRARIES = "$(inherited)";
				BUNDLE_LOADER = "$(TEST_HOST)";
				DEVELOPMENT_TEAM = F8QRZL97KT;
				INFOPLIST_FILE = VGStatsPlusTests/Info.plist;
				LD_RUNPATH_SEARCH_PATHS = "$(inherited) @executable_path/Frameworks @loader_path/Frameworks";
				PRODUCT_BUNDLE_IDENTIFIER = com.Tennant.Shaw.VGStatsPlusTests;
				PRODUCT_NAME = "$(TARGET_NAME)";
				SWIFT_VERSION = 3.0;
				TEST_HOST = "$(BUILT_PRODUCTS_DIR)/VGStatsPlus.app/VGStatsPlus";
			};
			name = Debug;
		};
		302FA9FF1F798EE70042DAD5 /* Release */ = {
			isa = XCBuildConfiguration;
			buildSettings = {
				ALWAYS_EMBED_SWIFT_STANDARD_LIBRARIES = "$(inherited)";
				BUNDLE_LOADER = "$(TEST_HOST)";
				DEVELOPMENT_TEAM = F8QRZL97KT;
				INFOPLIST_FILE = VGStatsPlusTests/Info.plist;
				LD_RUNPATH_SEARCH_PATHS = "$(inherited) @executable_path/Frameworks @loader_path/Frameworks";
				PRODUCT_BUNDLE_IDENTIFIER = com.Tennant.Shaw.VGStatsPlusTests;
				PRODUCT_NAME = "$(TARGET_NAME)";
				SWIFT_VERSION = 3.0;
				TEST_HOST = "$(BUILT_PRODUCTS_DIR)/VGStatsPlus.app/VGStatsPlus";
			};
			name = Release;
		};
		302FAA011F798EE70042DAD5 /* Debug */ = {
			isa = XCBuildConfiguration;
			buildSettings = {
				ALWAYS_EMBED_SWIFT_STANDARD_LIBRARIES = YES;
				DEVELOPMENT_TEAM = F8QRZL97KT;
				INFOPLIST_FILE = VGStatsPlusUITests/Info.plist;
				LD_RUNPATH_SEARCH_PATHS = "$(inherited) @executable_path/Frameworks @loader_path/Frameworks";
				PRODUCT_BUNDLE_IDENTIFIER = com.Tennant.Shaw.VGStatsPlusUITests;
				PRODUCT_NAME = "$(TARGET_NAME)";
				SWIFT_VERSION = 3.0;
				TEST_TARGET_NAME = VGStatsPlus;
			};
			name = Debug;
		};
		302FAA021F798EE70042DAD5 /* Release */ = {
			isa = XCBuildConfiguration;
			buildSettings = {
				ALWAYS_EMBED_SWIFT_STANDARD_LIBRARIES = YES;
				DEVELOPMENT_TEAM = F8QRZL97KT;
				INFOPLIST_FILE = VGStatsPlusUITests/Info.plist;
				LD_RUNPATH_SEARCH_PATHS = "$(inherited) @executable_path/Frameworks @loader_path/Frameworks";
				PRODUCT_BUNDLE_IDENTIFIER = com.Tennant.Shaw.VGStatsPlusUITests;
				PRODUCT_NAME = "$(TARGET_NAME)";
				SWIFT_VERSION = 3.0;
				TEST_TARGET_NAME = VGStatsPlus;
			};
			name = Release;
		};
/* End XCBuildConfiguration section */

/* Begin XCConfigurationList section */
		302FA9CD1F798EE60042DAD5 /* Build configuration list for PBXProject "VGStatsPlus" */ = {
			isa = XCConfigurationList;
			buildConfigurations = (
				302FA9F81F798EE70042DAD5 /* Debug */,
				302FA9F91F798EE70042DAD5 /* Release */,
			);
			defaultConfigurationIsVisible = 0;
			defaultConfigurationName = Release;
		};
		302FA9FA1F798EE70042DAD5 /* Build configuration list for PBXNativeTarget "VGStatsPlus" */ = {
			isa = XCConfigurationList;
			buildConfigurations = (
				302FA9FB1F798EE70042DAD5 /* Debug */,
				302FA9FC1F798EE70042DAD5 /* Release */,
			);
			defaultConfigurationIsVisible = 0;
			defaultConfigurationName = Release;
		};
		302FA9FD1F798EE70042DAD5 /* Build configuration list for PBXNativeTarget "VGStatsPlusTests" */ = {
			isa = XCConfigurationList;
			buildConfigurations = (
				302FA9FE1F798EE70042DAD5 /* Debug */,
				302FA9FF1F798EE70042DAD5 /* Release */,
			);
			defaultConfigurationIsVisible = 0;
			defaultConfigurationName = Release;
		};
		302FAA001F798EE70042DAD5 /* Build configuration list for PBXNativeTarget "VGStatsPlusUITests" */ = {
			isa = XCConfigurationList;
			buildConfigurations = (
				302FAA011F798EE70042DAD5 /* Debug */,
				302FAA021F798EE70042DAD5 /* Release */,
			);
			defaultConfigurationIsVisible = 0;
			defaultConfigurationName = Release;
		};
/* End XCConfigurationList section */
	};
	rootObject = 302FA9CA1F798EE60042DAD5 /* Project object */;
}
